
Microsoft Visual Studio Solution File, Format Version 12.00
# Visual Studio Version 16
VisualStudioVersion = 16.0.29519.87
MinimumVisualStudioVersion = 10.0.40219.1
Project("{FAE04EC0-301F-11D3-BF4B-00C04F79EFBC}") = "HHECS.API", "HHECS.API\HHECS.API.csproj", "{364A11A7-3F0A-468B-9B2D-075394101EE4}"
EndProject
Project("{FAE04EC0-301F-11D3-BF4B-00C04F79EFBC}") = "HHECS.Bll", "HHECS.Bll\HHECS.Bll.csproj", "{B59F5BF2-7B97-44FB-B939-80E039783E56}"
EndProject
Project("{FAE04EC0-301F-11D3-BF4B-00C04F79EFBC}") = "LedTest", "LedTest\LedTest.csproj", "{4BF42270-A419-46DA-9E1F-6AE6EAC0FB93}"
EndProject
Project("{FAE04EC0-301F-11D3-BF4B-00C04F79EFBC}") = "HHECS", "HHECS\HHECS.csproj", "{6D6D0392-AC69-412B-A274-35E951585896}"
EndProject
Project("{FAE04EC0-301F-11D3-BF4B-00C04F79EFBC}") = "HR.Themes.Fischer.WPF", "HR.Themes.Fischer.WPF\HR.Themes.Fischer.WPF.csproj", "{D8166AD7-25DD-4953-84DD-347CB0321582}"
EndProject
Project("{FAE04EC0-301F-11D3-BF4B-00C04F79EFBC}") = "HHECS.TimerClient", "HHECS.TimerClient\HHECS.TimerClient.csproj", "{94B8968C-2825-472C-ACAB-E9F2FB9205A3}"
EndProject
Project("{9A19103F-16F7-4668-BE54-9A1E7A4F7556}") = "HHECS.DAL", "HHECS.DAL\HHECS.DAL.csproj", "{D5A504A2-22D3-4707-BF56-F65DCD7EDF0D}"
EndProject
Project("{FAE04EC0-301F-11D3-BF4B-00C04F79EFBC}") = "PLCTest", "PLCTest\PLCTest.csproj", "{1FBF3C51-8340-49CF-A16D-D1003CE29589}"
EndProject
Project("{FAE04EC0-301F-11D3-BF4B-00C04F79EFBC}") = "HslCommunication_Net45", "HslCommunication_Net45\HslCommunication_Net45.csproj", "{7F8029DA-1B94-4B1D-B91F-5B21DBF2F3A2}"
EndProject
Project("{FAE04EC0-301F-11D3-BF4B-00C04F79EFBC}") = "HHECS.Model", "HHECS.Model\HHECS.Model.csproj", "{F6C083E0-8CF8-430E-8292-778882CB2D50}"
EndProject
Project("{FAE04EC0-301F-11D3-BF4B-00C04F79EFBC}") = "HHECS.MarkingMachineServer", "HHECS.MarkingMachineServer\HHECS.MarkingMachineServer.csproj", "{BEFFF5A2-F893-4BFD-9A9B-E6B81B527483}"
EndProject
Project("{FAE04EC0-301F-11D3-BF4B-00C04F79EFBC}") = "HHECS.MarkingClient", "HHECS.MarkingClient\HHECS.MarkingClient.csproj", "{FD8E2B30-1C91-436C-99D7-6AA19847A61F}"
EndProject
Global
	GlobalSection(SolutionConfigurationPlatforms) = preSolution
		Debug|Any CPU = Debug|Any CPU
		Debug|x86 = Debug|x86
		Release|Any CPU = Release|Any CPU
		Release|x86 = Release|x86
	EndGlobalSection
	GlobalSection(ProjectConfigurationPlatforms) = postSolution
		{364A11A7-3F0A-468B-9B2D-075394101EE4}.Debug|Any CPU.ActiveCfg = Debug|Any CPU
		{364A11A7-3F0A-468B-9B2D-075394101EE4}.Debug|Any CPU.Build.0 = Debug|Any CPU
		{364A11A7-3F0A-468B-9B2D-075394101EE4}.Debug|x86.ActiveCfg = Debug|Any CPU
		{364A11A7-3F0A-468B-9B2D-075394101EE4}.Debug|x86.Build.0 = Debug|Any CPU
		{364A11A7-3F0A-468B-9B2D-075394101EE4}.Release|Any CPU.ActiveCfg = Release|Any CPU
		{364A11A7-3F0A-468B-9B2D-075394101EE4}.Release|Any CPU.Build.0 = Release|Any CPU
		{364A11A7-3F0A-468B-9B2D-075394101EE4}.Release|x86.ActiveCfg = Release|Any CPU
		{364A11A7-3F0A-468B-9B2D-075394101EE4}.Release|x86.Build.0 = Release|Any CPU
		{B59F5BF2-7B97-44FB-B939-80E039783E56}.Debug|Any CPU.ActiveCfg = Debug|Any CPU
		{B59F5BF2-7B97-44FB-B939-80E039783E56}.Debug|Any CPU.Build.0 = Debug|Any CPU
		{B59F5BF2-7B97-44FB-B939-80E039783E56}.Debug|x86.ActiveCfg = Debug|Any CPU
		{B59F5BF2-7B97-44FB-B939-80E039783E56}.Debug|x86.Build.0 = Debug|Any CPU
		{B59F5BF2-7B97-44FB-B939-80E039783E56}.Release|Any CPU.ActiveCfg = Release|Any CPU
		{B59F5BF2-7B97-44FB-B939-80E039783E56}.Release|Any CPU.Build.0 = Release|Any CPU
		{B59F5BF2-7B97-44FB-B939-80E039783E56}.Release|x86.ActiveCfg = Release|Any CPU
		{B59F5BF2-7B97-44FB-B939-80E039783E56}.Release|x86.Build.0 = Release|Any CPU
		{4BF42270-A419-46DA-9E1F-6AE6EAC0FB93}.Debug|Any CPU.ActiveCfg = Debug|Any CPU
		{4BF42270-A419-46DA-9E1F-6AE6EAC0FB93}.Debug|Any CPU.Build.0 = Debug|Any CPU
		{4BF42270-A419-46DA-9E1F-6AE6EAC0FB93}.Debug|x86.ActiveCfg = Debug|Any CPU
		{4BF42270-A419-46DA-9E1F-6AE6EAC0FB93}.Debug|x86.Build.0 = Debug|Any CPU
		{4BF42270-A419-46DA-9E1F-6AE6EAC0FB93}.Release|Any CPU.ActiveCfg = Release|Any CPU
		{4BF42270-A419-46DA-9E1F-6AE6EAC0FB93}.Release|Any CPU.Build.0 = Release|Any CPU
		{4BF42270-A419-46DA-9E1F-6AE6EAC0FB93}.Release|x86.ActiveCfg = Release|Any CPU
		{4BF42270-A419-46DA-9E1F-6AE6EAC0FB93}.Release|x86.Build.0 = Release|Any CPU
		{6D6D0392-AC69-412B-A274-35E951585896}.Debug|Any CPU.ActiveCfg = Debug|Any CPU
		{6D6D0392-AC69-412B-A274-35E951585896}.Debug|Any CPU.Build.0 = Debug|Any CPU
		{6D6D0392-AC69-412B-A274-35E951585896}.Debug|x86.ActiveCfg = Debug|Any CPU
		{6D6D0392-AC69-412B-A274-35E951585896}.Debug|x86.Build.0 = Debug|Any CPU
		{6D6D0392-AC69-412B-A274-35E951585896}.Release|Any CPU.ActiveCfg = Release|Any CPU
		{6D6D0392-AC69-412B-A274-35E951585896}.Release|Any CPU.Build.0 = Release|Any CPU
		{6D6D0392-AC69-412B-A274-35E951585896}.Release|x86.ActiveCfg = Release|Any CPU
		{6D6D0392-AC69-412B-A274-35E951585896}.Release|x86.Build.0 = Release|Any CPU
		{D8166AD7-25DD-4953-84DD-347CB0321582}.Debug|Any CPU.ActiveCfg = Debug|Any CPU
		{D8166AD7-25DD-4953-84DD-347CB0321582}.Debug|Any CPU.Build.0 = Debug|Any CPU
		{D8166AD7-25DD-4953-84DD-347CB0321582}.Debug|x86.ActiveCfg = Debug|Any CPU
		{D8166AD7-25DD-4953-84DD-347CB0321582}.Debug|x86.Build.0 = Debug|Any CPU
		{D8166AD7-25DD-4953-84DD-347CB0321582}.Release|Any CPU.ActiveCfg = Release|Any CPU
		{D8166AD7-25DD-4953-84DD-347CB0321582}.Release|Any CPU.Build.0 = Release|Any CPU
		{D8166AD7-25DD-4953-84DD-347CB0321582}.Release|x86.ActiveCfg = Release|Any CPU
		{D8166AD7-25DD-4953-84DD-347CB0321582}.Release|x86.Build.0 = Release|Any CPU
		{94B8968C-2825-472C-ACAB-E9F2FB9205A3}.Debug|Any CPU.ActiveCfg = Debug|Any CPU
		{94B8968C-2825-472C-ACAB-E9F2FB9205A3}.Debug|Any CPU.Build.0 = Debug|Any CPU
		{94B8968C-2825-472C-ACAB-E9F2FB9205A3}.Debug|x86.ActiveCfg = Debug|Any CPU
		{94B8968C-2825-472C-ACAB-E9F2FB9205A3}.Debug|x86.Build.0 = Debug|Any CPU
		{94B8968C-2825-472C-ACAB-E9F2FB9205A3}.Release|Any CPU.ActiveCfg = Release|Any CPU
		{94B8968C-2825-472C-ACAB-E9F2FB9205A3}.Release|Any CPU.Build.0 = Release|Any CPU
		{94B8968C-2825-472C-ACAB-E9F2FB9205A3}.Release|x86.ActiveCfg = Release|Any CPU
		{94B8968C-2825-472C-ACAB-E9F2FB9205A3}.Release|x86.Build.0 = Release|Any CPU
		{D5A504A2-22D3-4707-BF56-F65DCD7EDF0D}.Debug|Any CPU.ActiveCfg = Debug|Any CPU
		{D5A504A2-22D3-4707-BF56-F65DCD7EDF0D}.Debug|Any CPU.Build.0 = Debug|Any CPU
		{D5A504A2-22D3-4707-BF56-F65DCD7EDF0D}.Debug|x86.ActiveCfg = Debug|Any CPU
		{D5A504A2-22D3-4707-BF56-F65DCD7EDF0D}.Debug|x86.Build.0 = Debug|Any CPU
		{D5A504A2-22D3-4707-BF56-F65DCD7EDF0D}.Release|Any CPU.ActiveCfg = Release|Any CPU
		{D5A504A2-22D3-4707-BF56-F65DCD7EDF0D}.Release|Any CPU.Build.0 = Release|Any CPU
		{D5A504A2-22D3-4707-BF56-F65DCD7EDF0D}.Release|x86.ActiveCfg = Release|Any CPU
		{D5A504A2-22D3-4707-BF56-F65DCD7EDF0D}.Release|x86.Build.0 = Release|Any CPU
		{1FBF3C51-8340-49CF-A16D-D1003CE29589}.Debug|Any CPU.ActiveCfg = Debug|Any CPU
		{1FBF3C51-8340-49CF-A16D-D1003CE29589}.Debug|Any CPU.Build.0 = Debug|Any CPU
		{1FBF3C51-8340-49CF-A16D-D1003CE29589}.Debug|x86.ActiveCfg = Debug|Any CPU
		{1FBF3C51-8340-49CF-A16D-D1003CE29589}.Debug|x86.Build.0 = Debug|Any CPU
		{1FBF3C51-8340-49CF-A16D-D1003CE29589}.Release|Any CPU.ActiveCfg = Release|Any CPU
		{1FBF3C51-8340-49CF-A16D-D1003CE29589}.Release|Any CPU.Build.0 = Release|Any CPU
		{1FBF3C51-8340-49CF-A16D-D1003CE29589}.Release|x86.ActiveCfg = Release|Any CPU
		{1FBF3C51-8340-49CF-A16D-D1003CE29589}.Release|x86.Build.0 = Release|Any CPU
		{7F8029DA-1B94-4B1D-B91F-5B21DBF2F3A2}.Debug|Any CPU.ActiveCfg = Debug|Any CPU
		{7F8029DA-1B94-4B1D-B91F-5B21DBF2F3A2}.Debug|Any CPU.Build.0 = Debug|Any CPU
		{7F8029DA-1B94-4B1D-B91F-5B21DBF2F3A2}.Debug|x86.ActiveCfg = Debug|Any CPU
		{7F8029DA-1B94-4B1D-B91F-5B21DBF2F3A2}.Debug|x86.Build.0 = Debug|Any CPU
		{7F8029DA-1B94-4B1D-B91F-5B21DBF2F3A2}.Release|Any CPU.ActiveCfg = Release|Any CPU
		{7F8029DA-1B94-4B1D-B91F-5B21DBF2F3A2}.Release|Any CPU.Build.0 = Release|Any CPU
		{7F8029DA-1B94-4B1D-B91F-5B21DBF2F3A2}.Release|x86.ActiveCfg = Release|Any CPU
		{7F8029DA-1B94-4B1D-B91F-5B21DBF2F3A2}.Release|x86.Build.0 = Release|Any CPU
		{F6C083E0-8CF8-430E-8292-778882CB2D50}.Debug|Any CPU.ActiveCfg = Debug|Any CPU
		{F6C083E0-8CF8-430E-8292-778882CB2D50}.Debug|Any CPU.Build.0 = Debug|Any CPU
		{F6C083E0-8CF8-430E-8292-778882CB2D50}.Debug|x86.ActiveCfg = Debug|Any CPU
		{F6C083E0-8CF8-430E-8292-778882CB2D50}.Debug|x86.Build.0 = Debug|Any CPU
		{F6C083E0-8CF8-430E-8292-778882CB2D50}.Release|Any CPU.ActiveCfg = Release|Any CPU
		{F6C083E0-8CF8-430E-8292-778882CB2D50}.Release|Any CPU.Build.0 = Release|Any CPU
		{F6C083E0-8CF8-430E-8292-778882CB2D50}.Release|x86.ActiveCfg = Release|Any CPU
		{F6C083E0-8CF8-430E-8292-778882CB2D50}.Release|x86.Build.0 = Release|Any CPU
		{BEFFF5A2-F893-4BFD-9A9B-E6B81B527483}.Debug|Any CPU.ActiveCfg = Debug|Any CPU
		{BEFFF5A2-F893-4BFD-9A9B-E6B81B527483}.Debug|Any CPU.Build.0 = Debug|Any CPU
		{BEFFF5A2-F893-4BFD-9A9B-E6B81B527483}.Debug|x86.ActiveCfg = Debug|Any CPU
		{BEFFF5A2-F893-4BFD-9A9B-E6B81B527483}.Debug|x86.Build.0 = Debug|Any CPU
		{BEFFF5A2-F893-4BFD-9A9B-E6B81B527483}.Release|Any CPU.ActiveCfg = Release|Any CPU
		{BEFFF5A2-F893-4BFD-9A9B-E6B81B527483}.Release|Any CPU.Build.0 = Release|Any CPU
		{BEFFF5A2-F893-4BFD-9A9B-E6B81B527483}.Release|x86.ActiveCfg = Release|Any CPU
		{BEFFF5A2-F893-4BFD-9A9B-E6B81B527483}.Release|x86.Build.0 = Release|Any CPU
		{FD8E2B30-1C91-436C-99D7-6AA19847A61F}.Debug|Any CPU.ActiveCfg = Debug|Any CPU
		{FD8E2B30-1C91-436C-99D7-6AA19847A61F}.Debug|Any CPU.Build.0 = Debug|Any CPU
		{FD8E2B30-1C91-436C-99D7-6AA19847A61F}.Debug|x86.ActiveCfg = Debug|Any CPU
		{FD8E2B30-1C91-436C-99D7-6AA19847A61F}.Debug|x86.Build.0 = Debug|Any CPU
		{FD8E2B30-1C91-436C-99D7-6AA19847A61F}.Release|Any CPU.ActiveCfg = Release|Any CPU
		{FD8E2B30-1C91-436C-99D7-6AA19847A61F}.Release|Any CPU.Build.0 = Release|Any CPU
		{FD8E2B30-1C91-436C-99D7-6AA19847A61F}.Release|x86.ActiveCfg = Release|Any CPU
		{FD8E2B30-1C91-436C-99D7-6AA19847A61F}.Release|x86.Build.0 = Release|Any CPU
	EndGlobalSection
	GlobalSection(SolutionProperties) = preSolution
		HideSolutionNode = FALSE
	EndGlobalSection
	GlobalSection(ExtensibilityGlobals) = postSolution
		SolutionGuid = {FEA4B018-3CEC-446D-BAA4-B066873642BE}
	EndGlobalSection
EndGlobal
